
Microsoft Visual Studio Solution File, Format Version 12.00
# Visual Studio Version 17
VisualStudioVersion = 17.6.33815.320
MinimumVisualStudioVersion = 10.0.40219.1
Project("{FAE04EC0-301F-11D3-BF4B-00C04F79EFBC}") = "SRMA", "SRMA\SRMA.csproj", "{47AF028A-2F63-4A00-9C0C-E75C6991C82C}"
EndProject
Global
	GlobalSection(SolutionConfigurationPlatforms) = preSolution
		Debug|Any CPU = Debug|Any CPU
		Release|Any CPU = Release|Any CPU
	EndGlobalSection
	GlobalSection(ProjectConfigurationPlatforms) = postSolution
		{47AF028A-2F63-4A00-9C0C-E75C6991C82C}.Debug|Any CPU.ActiveCfg = Debug|Any CPU
		{47AF028A-2F63-4A00-9C0C-E75C6991C82C}.Debug|Any CPU.Build.0 = Debug|Any CPU
		{47AF028A-2F63-4A00-9C0C-E75C6991C82C}.Release|Any CPU.ActiveCfg = Release|Any CPU
		{47AF028A-2F63-4A00-9C0C-E75C6991C82C}.Release|Any CPU.Build.0 = Release|Any CPU
	EndGlobalSection
	GlobalSection(SolutionProperties) = preSolution
		HideSolutionNode = FALSE
	EndGlobalSection
	GlobalSection(ExtensibilityGlobals) = postSolution
		SolutionGuid = {729A5FDA-62A7-4263-92E1-05EBCD9B97EB}
	EndGlobalSection
EndGlobal
